
Microsoft Visual Studio Solution File, Format Version 12.00
# Visual Studio 15
VisualStudioVersion = 15.0.27130.2036
MinimumVisualStudioVersion = 10.0.40219.1
Project("{FAE04EC0-301F-11D3-BF4B-00C04F79EFBC}") = "Exam-16 July 2017_Minedraft", "Exam-16 July 2017_Minedraft\Exam-16 July 2017_Minedraft.csproj", "{B926E7EE-8E03-4E64-B04C-C66BAE4989BD}"
EndProject
Global
	GlobalSection(SolutionConfigurationPlatforms) = preSolution
		Debug|Any CPU = Debug|Any CPU
		Release|Any CPU = Release|Any CPU
	EndGlobalSection
	GlobalSection(ProjectConfigurationPlatforms) = postSolution
		{B926E7EE-8E03-4E64-B04C-C66BAE4989BD}.Debug|Any CPU.ActiveCfg = Debug|Any CPU
		{B926E7EE-8E03-4E64-B04C-C66BAE4989BD}.Debug|Any CPU.Build.0 = Debug|Any CPU
		{B926E7EE-8E03-4E64-B04C-C66BAE4989BD}.Release|Any CPU.ActiveCfg = Release|Any CPU
		{B926E7EE-8E03-4E64-B04C-C66BAE4989BD}.Release|Any CPU.Build.0 = Release|Any CPU
	EndGlobalSection
	GlobalSection(SolutionProperties) = preSolution
		HideSolutionNode = FALSE
	EndGlobalSection
	GlobalSection(ExtensibilityGlobals) = postSolution
		SolutionGuid = {F8B56E09-B278-45F2-8A0E-E1E68D2DBF4B}
	EndGlobalSection
EndGlobal
