
Microsoft Visual Studio Solution File, Format Version 12.00
# Visual Studio 15
VisualStudioVersion = 15.0.28010.2046
MinimumVisualStudioVersion = 10.0.40219.1
Project("{9A19103F-16F7-4668-BE54-9A1E7A4F7556}") = "01.ClassBox", "01.ClassBox\01.ClassBox.csproj", "{4479A79E-DFD1-48DF-8E32-5589AB84EF8F}"
EndProject
Project("{9A19103F-16F7-4668-BE54-9A1E7A4F7556}") = "02.ClassBoxDataValidation", "02.ClassBoxDataValidation\02.ClassBoxDataValidation.csproj", "{2738EE51-706D-4ADB-83FE-62F5C20BAC27}"
EndProject
Project("{9A19103F-16F7-4668-BE54-9A1E7A4F7556}") = "04.ShoppingSpree", "04.ShoppingSpree\04.ShoppingSpree.csproj", "{402C3AE0-393C-4C64-9D32-2194D7158182}"
EndProject
Project("{FAE04EC0-301F-11D3-BF4B-00C04F79EFBC}") = "05.PizzaCalories", "05.PizzaCalories\05.PizzaCalories.csproj", "{F8CBBD6B-4D2B-429C-9C24-F45DB71B0A28}"
EndProject
Global
	GlobalSection(SolutionConfigurationPlatforms) = preSolution
		Debug|Any CPU = Debug|Any CPU
		Release|Any CPU = Release|Any CPU
	EndGlobalSection
	GlobalSection(ProjectConfigurationPlatforms) = postSolution
		{4479A79E-DFD1-48DF-8E32-5589AB84EF8F}.Debug|Any CPU.ActiveCfg = Debug|Any CPU
		{4479A79E-DFD1-48DF-8E32-5589AB84EF8F}.Debug|Any CPU.Build.0 = Debug|Any CPU
		{4479A79E-DFD1-48DF-8E32-5589AB84EF8F}.Release|Any CPU.ActiveCfg = Release|Any CPU
		{4479A79E-DFD1-48DF-8E32-5589AB84EF8F}.Release|Any CPU.Build.0 = Release|Any CPU
		{2738EE51-706D-4ADB-83FE-62F5C20BAC27}.Debug|Any CPU.ActiveCfg = Debug|Any CPU
		{2738EE51-706D-4ADB-83FE-62F5C20BAC27}.Debug|Any CPU.Build.0 = Debug|Any CPU
		{2738EE51-706D-4ADB-83FE-62F5C20BAC27}.Release|Any CPU.ActiveCfg = Release|Any CPU
		{2738EE51-706D-4ADB-83FE-62F5C20BAC27}.Release|Any CPU.Build.0 = Release|Any CPU
		{402C3AE0-393C-4C64-9D32-2194D7158182}.Debug|Any CPU.ActiveCfg = Debug|Any CPU
		{402C3AE0-393C-4C64-9D32-2194D7158182}.Debug|Any CPU.Build.0 = Debug|Any CPU
		{402C3AE0-393C-4C64-9D32-2194D7158182}.Release|Any CPU.ActiveCfg = Release|Any CPU
		{402C3AE0-393C-4C64-9D32-2194D7158182}.Release|Any CPU.Build.0 = Release|Any CPU
		{F8CBBD6B-4D2B-429C-9C24-F45DB71B0A28}.Debug|Any CPU.ActiveCfg = Debug|Any CPU
		{F8CBBD6B-4D2B-429C-9C24-F45DB71B0A28}.Debug|Any CPU.Build.0 = Debug|Any CPU
		{F8CBBD6B-4D2B-429C-9C24-F45DB71B0A28}.Release|Any CPU.ActiveCfg = Release|Any CPU
		{F8CBBD6B-4D2B-429C-9C24-F45DB71B0A28}.Release|Any CPU.Build.0 = Release|Any CPU
	EndGlobalSection
	GlobalSection(SolutionProperties) = preSolution
		HideSolutionNode = FALSE
	EndGlobalSection
	GlobalSection(ExtensibilityGlobals) = postSolution
		SolutionGuid = {C0E9F6B3-89C3-4D74-ADBE-3259CE4A592D}
	EndGlobalSection
EndGlobal
