
Microsoft Visual Studio Solution File, Format Version 12.00
# Visual Studio 15
VisualStudioVersion = 15.0.28010.2046
MinimumVisualStudioVersion = 10.0.40219.1
Project("{9A19103F-16F7-4668-BE54-9A1E7A4F7556}") = "02.BankAccountMethods", "02.BankAccountMethods\02.BankAccountMethods.csproj", "{8B4432DA-2393-4BEA-8A2C-2134E69670EA}"
EndProject
Project("{9A19103F-16F7-4668-BE54-9A1E7A4F7556}") = "03.TestClient", "03.Test Client\03.TestClient.csproj", "{98144738-CE98-48F6-8CE2-27382CC0C8EF}"
EndProject
Project("{9A19103F-16F7-4668-BE54-9A1E7A4F7556}") = "04.PersonClass", "04.PersonClass\04.PersonClass.csproj", "{59704322-4656-4A3D-91E1-A600669DBC27}"
EndProject
Project("{FAE04EC0-301F-11D3-BF4B-00C04F79EFBC}") = "01.BankAccount", "01.BankAccount\01.BankAccount.csproj", "{9FC83561-A4EF-4424-80C1-F75A2D124A62}"
EndProject
Global
	GlobalSection(SolutionConfigurationPlatforms) = preSolution
		Debug|Any CPU = Debug|Any CPU
		Release|Any CPU = Release|Any CPU
	EndGlobalSection
	GlobalSection(ProjectConfigurationPlatforms) = postSolution
		{8B4432DA-2393-4BEA-8A2C-2134E69670EA}.Debug|Any CPU.ActiveCfg = Debug|Any CPU
		{8B4432DA-2393-4BEA-8A2C-2134E69670EA}.Debug|Any CPU.Build.0 = Debug|Any CPU
		{8B4432DA-2393-4BEA-8A2C-2134E69670EA}.Release|Any CPU.ActiveCfg = Release|Any CPU
		{8B4432DA-2393-4BEA-8A2C-2134E69670EA}.Release|Any CPU.Build.0 = Release|Any CPU
		{98144738-CE98-48F6-8CE2-27382CC0C8EF}.Debug|Any CPU.ActiveCfg = Debug|Any CPU
		{98144738-CE98-48F6-8CE2-27382CC0C8EF}.Debug|Any CPU.Build.0 = Debug|Any CPU
		{98144738-CE98-48F6-8CE2-27382CC0C8EF}.Release|Any CPU.ActiveCfg = Release|Any CPU
		{98144738-CE98-48F6-8CE2-27382CC0C8EF}.Release|Any CPU.Build.0 = Release|Any CPU
		{59704322-4656-4A3D-91E1-A600669DBC27}.Debug|Any CPU.ActiveCfg = Debug|Any CPU
		{59704322-4656-4A3D-91E1-A600669DBC27}.Debug|Any CPU.Build.0 = Debug|Any CPU
		{59704322-4656-4A3D-91E1-A600669DBC27}.Release|Any CPU.ActiveCfg = Release|Any CPU
		{59704322-4656-4A3D-91E1-A600669DBC27}.Release|Any CPU.Build.0 = Release|Any CPU
		{9FC83561-A4EF-4424-80C1-F75A2D124A62}.Debug|Any CPU.ActiveCfg = Debug|Any CPU
		{9FC83561-A4EF-4424-80C1-F75A2D124A62}.Debug|Any CPU.Build.0 = Debug|Any CPU
		{9FC83561-A4EF-4424-80C1-F75A2D124A62}.Release|Any CPU.ActiveCfg = Release|Any CPU
		{9FC83561-A4EF-4424-80C1-F75A2D124A62}.Release|Any CPU.Build.0 = Release|Any CPU
	EndGlobalSection
	GlobalSection(SolutionProperties) = preSolution
		HideSolutionNode = FALSE
	EndGlobalSection
	GlobalSection(ExtensibilityGlobals) = postSolution
		SolutionGuid = {90A5AEFC-E596-4152-872B-AFD2300A12D6}
	EndGlobalSection
EndGlobal
