
Microsoft Visual Studio Solution File, Format Version 12.00
# Visual Studio 15
VisualStudioVersion = 15.0.28010.2046
MinimumVisualStudioVersion = 10.0.40219.1
Project("{FAE04EC0-301F-11D3-BF4B-00C04F79EFBC}") = "StorageMaster", "StorageMaster\StorageMaster.csproj", "{D920B4BA-E46A-4517-A569-BF80D18CACA3}"
EndProject
Global
	GlobalSection(SolutionConfigurationPlatforms) = preSolution
		Debug|Any CPU = Debug|Any CPU
		Release|Any CPU = Release|Any CPU
	EndGlobalSection
	GlobalSection(ProjectConfigurationPlatforms) = postSolution
		{D920B4BA-E46A-4517-A569-BF80D18CACA3}.Debug|Any CPU.ActiveCfg = Debug|Any CPU
		{D920B4BA-E46A-4517-A569-BF80D18CACA3}.Debug|Any CPU.Build.0 = Debug|Any CPU
		{D920B4BA-E46A-4517-A569-BF80D18CACA3}.Release|Any CPU.ActiveCfg = Release|Any CPU
		{D920B4BA-E46A-4517-A569-BF80D18CACA3}.Release|Any CPU.Build.0 = Release|Any CPU
	EndGlobalSection
	GlobalSection(SolutionProperties) = preSolution
		HideSolutionNode = FALSE
	EndGlobalSection
	GlobalSection(ExtensibilityGlobals) = postSolution
		SolutionGuid = {B7421751-38D6-4583-A5A2-7BD78B496BE0}
	EndGlobalSection
EndGlobal
