
Microsoft Visual Studio Solution File, Format Version 12.00
# Visual Studio 15
VisualStudioVersion = 15.0.28010.2046
MinimumVisualStudioVersion = 10.0.40219.1
Project("{FAE04EC0-301F-11D3-BF4B-00C04F79EFBC}") = "01.Shapes", "01.Shapes\01.Shapes.csproj", "{F650A7F6-93D0-401C-99EF-3FAD6965011D}"
EndProject
Project("{FAE04EC0-301F-11D3-BF4B-00C04F79EFBC}") = "02.Cars", "02.Cars\02.Cars.csproj", "{6B525A38-2894-4AE4-A94C-8880CBDDE706}"
EndProject
Global
	GlobalSection(SolutionConfigurationPlatforms) = preSolution
		Debug|Any CPU = Debug|Any CPU
		Release|Any CPU = Release|Any CPU
	EndGlobalSection
	GlobalSection(ProjectConfigurationPlatforms) = postSolution
		{F650A7F6-93D0-401C-99EF-3FAD6965011D}.Debug|Any CPU.ActiveCfg = Debug|Any CPU
		{F650A7F6-93D0-401C-99EF-3FAD6965011D}.Debug|Any CPU.Build.0 = Debug|Any CPU
		{F650A7F6-93D0-401C-99EF-3FAD6965011D}.Release|Any CPU.ActiveCfg = Release|Any CPU
		{F650A7F6-93D0-401C-99EF-3FAD6965011D}.Release|Any CPU.Build.0 = Release|Any CPU
		{6B525A38-2894-4AE4-A94C-8880CBDDE706}.Debug|Any CPU.ActiveCfg = Debug|Any CPU
		{6B525A38-2894-4AE4-A94C-8880CBDDE706}.Debug|Any CPU.Build.0 = Debug|Any CPU
		{6B525A38-2894-4AE4-A94C-8880CBDDE706}.Release|Any CPU.ActiveCfg = Release|Any CPU
		{6B525A38-2894-4AE4-A94C-8880CBDDE706}.Release|Any CPU.Build.0 = Release|Any CPU
	EndGlobalSection
	GlobalSection(SolutionProperties) = preSolution
		HideSolutionNode = FALSE
	EndGlobalSection
	GlobalSection(ExtensibilityGlobals) = postSolution
		SolutionGuid = {5F4EDC6F-D2E4-4F17-A2D2-A8C2A988A5EB}
	EndGlobalSection
EndGlobal
